
Microsoft Visual Studio Solution File, Format Version 12.00
# Visual Studio Version 16
VisualStudioVersion = 16.0.29609.76
MinimumVisualStudioVersion = 10.0.40219.1
Project("{FAE04EC0-301F-11D3-BF4B-00C04F79EFBC}") = "FleetwoodMac_Personel", "FleetwoodMac\FleetwoodMac_Personel.csproj", "{94E37434-4F38-4C49-BBC6-3CA671C5EE0F}"
EndProject
Global
	GlobalSection(SolutionConfigurationPlatforms) = preSolution
		Debug|Any CPU = Debug|Any CPU
		Release|Any CPU = Release|Any CPU
	EndGlobalSection
	GlobalSection(ProjectConfigurationPlatforms) = postSolution
		{94E37434-4F38-4C49-BBC6-3CA671C5EE0F}.Debug|Any CPU.ActiveCfg = Debug|Any CPU
		{94E37434-4F38-4C49-BBC6-3CA671C5EE0F}.Debug|Any CPU.Build.0 = Debug|Any CPU
		{94E37434-4F38-4C49-BBC6-3CA671C5EE0F}.Release|Any CPU.ActiveCfg = Release|Any CPU
		{94E37434-4F38-4C49-BBC6-3CA671C5EE0F}.Release|Any CPU.Build.0 = Release|Any CPU
	EndGlobalSection
	GlobalSection(SolutionProperties) = preSolution
		HideSolutionNode = FALSE
	EndGlobalSection
	GlobalSection(ExtensibilityGlobals) = postSolution
		SolutionGuid = {3F1B67D4-7DA1-4C0C-A86B-3F3A069694B9}
	EndGlobalSection
EndGlobal
